
Microsoft Visual Studio Solution File, Format Version 12.00
# Visual Studio Version 17
VisualStudioVersion = 17.1.32328.378
MinimumVisualStudioVersion = 10.0.40219.1
Project("{FAE04EC0-301F-11D3-BF4B-00C04F79EFBC}") = "PaletteLeuzoise.Site", "PaletteLeuzoise\PaletteLeuzoise.Site.csproj", "{83A290FA-99B6-4D99-8D87-ED36BF524509}"
EndProject
Global
	GlobalSection(SolutionConfigurationPlatforms) = preSolution
		Debug|Any CPU = Debug|Any CPU
		Release|Any CPU = Release|Any CPU
	EndGlobalSection
	GlobalSection(ProjectConfigurationPlatforms) = postSolution
		{83A290FA-99B6-4D99-8D87-ED36BF524509}.Debug|Any CPU.ActiveCfg = Debug|Any CPU
		{83A290FA-99B6-4D99-8D87-ED36BF524509}.Debug|Any CPU.Build.0 = Debug|Any CPU
		{83A290FA-99B6-4D99-8D87-ED36BF524509}.Release|Any CPU.ActiveCfg = Release|Any CPU
		{83A290FA-99B6-4D99-8D87-ED36BF524509}.Release|Any CPU.Build.0 = Release|Any CPU
	EndGlobalSection
	GlobalSection(SolutionProperties) = preSolution
		HideSolutionNode = FALSE
	EndGlobalSection
	GlobalSection(ExtensibilityGlobals) = postSolution
		SolutionGuid = {56BCF475-CE20-435B-8F66-54DEC37C7883}
	EndGlobalSection
EndGlobal
